// !$*UTF8*$!
{
	archiveVersion = 1;
	classes = {
	};
	objectVersion = 46;
	objects = {

/* Begin PBXBuildFile section */
		1E6C50281F4583B2002AEF67 /* CalendarViewController.m in Sources */ = {isa = PBXBuildFile; fileRef = 1E6C50251F4583B2002AEF67 /* CalendarViewController.m */; };
		1E6C50291F4583B2002AEF67 /* CalendarView.m in Sources */ = {isa = PBXBuildFile; fileRef = 1E6C50271F4583B2002AEF67 /* CalendarView.m */; };
		1EDA638B1F38089700905C89 /* NSDate+HODateFormatter.m in Sources */ = {isa = PBXBuildFile; fileRef = 1EDA638A1F38089700905C89 /* NSDate+HODateFormatter.m */; };
		1EE021041F37F5CC0086BA22 /* main.m in Sources */ = {isa = PBXBuildFile; fileRef = 1EE021031F37F5CC0086BA22 /* main.m */; };
		1EE021071F37F5CC0086BA22 /* AppDelegate.m in Sources */ = {isa = PBXBuildFile; fileRef = 1EE021061F37F5CC0086BA22 /* AppDelegate.m */; };
		1EE0210D1F37F5CC0086BA22 /* Main.storyboard in Resources */ = {isa = PBXBuildFile; fileRef = 1EE0210B1F37F5CC0086BA22 /* Main.storyboard */; };
		1EE0210F1F37F5CD0086BA22 /* Assets.xcassets in Resources */ = {isa = PBXBuildFile; fileRef = 1EE0210E1F37F5CD0086BA22 /* Assets.xcassets */; };
		1EE021121F37F5CD0086BA22 /* LaunchScreen.storyboard in Resources */ = {isa = PBXBuildFile; fileRef = 1EE021101F37F5CD0086BA22 /* LaunchScreen.storyboard */; };
/* End PBXBuildFile section */

/* Begin PBXFileReference section */
		1E6C50241F4583B2002AEF67 /* CalendarViewController.h */ = {isa = PBXFileReference; fileEncoding = 4; lastKnownFileType = sourcecode.c.h; path = CalendarViewController.h; sourceTree = "<group>"; };
		1E6C50251F4583B2002AEF67 /* CalendarViewController.m */ = {isa = PBXFileReference; fileEncoding = 4; lastKnownFileType = sourcecode.c.objc; path = CalendarViewController.m; sourceTree = "<group>"; };
		1E6C50261F4583B2002AEF67 /* CalendarView.h */ = {isa = PBXFileReference; fileEncoding = 4; lastKnownFileType = sourcecode.c.h; path = CalendarView.h; sourceTree = "<group>"; };
		1E6C50271F4583B2002AEF67 /* CalendarView.m */ = {isa = PBXFileReference; fileEncoding = 4; lastKnownFileType = sourcecode.c.objc; path = CalendarView.m; sourceTree = "<group>"; };
		1EDA63891F38089700905C89 /* NSDate+HODateFormatter.h */ = {isa = PBXFileReference; fileEncoding = 4; lastKnownFileType = sourcecode.c.h; path = "NSDate+HODateFormatter.h"; sourceTree = "<group>"; };
		1EDA638A1F38089700905C89 /* NSDate+HODateFormatter.m */ = {isa = PBXFileReference; fileEncoding = 4; lastKnownFileType = sourcecode.c.objc; path = "NSDate+HODateFormatter.m"; sourceTree = "<group>"; };
		1EE020FF1F37F5CC0086BA22 /* CalendarDemo.app */ = {isa = PBXFileReference; explicitFileType = wrapper.application; includeInIndex = 0; path = CalendarDemo.app; sourceTree = BUILT_PRODUCTS_DIR; };
		1EE021031F37F5CC0086BA22 /* main.m */ = {isa = PBXFileReference; lastKnownFileType = sourcecode.c.objc; path = main.m; sourceTree = "<group>"; };
		1EE021051F37F5CC0086BA22 /* AppDelegate.h */ = {isa = PBXFileReference; lastKnownFileType = sourcecode.c.h; path = AppDelegate.h; sourceTree = "<group>"; };
		1EE021061F37F5CC0086BA22 /* AppDelegate.m */ = {isa = PBXFileReference; lastKnownFileType = sourcecode.c.objc; path = AppDelegate.m; sourceTree = "<group>"; };
		1EE0210C1F37F5CC0086BA22 /* Base */ = {isa = PBXFileReference; lastKnownFileType = file.storyboard; name = Base; path = Base.lproj/Main.storyboard; sourceTree = "<group>"; };
		1EE0210E1F37F5CD0086BA22 /* Assets.xcassets */ = {isa = PBXFileReference; lastKnownFileType = folder.assetcatalog; path = Assets.xcassets; sourceTree = "<group>"; };
		1EE021111F37F5CD0086BA22 /* Base */ = {isa = PBXFileReference; lastKnownFileType = file.storyboard; name = Base; path = Base.lproj/LaunchScreen.storyboard; sourceTree = "<group>"; };
		1EE021131F37F5CD0086BA22 /* Info.plist */ = {isa = PBXFileReference; lastKnownFileType = text.plist.xml; path = Info.plist; sourceTree = "<group>"; };
/* End PBXFileReference section */

/* Begin PBXFrameworksBuildPhase section */
		1EE020FC1F37F5CC0086BA22 /* Frameworks */ = {
			isa = PBXFrameworksBuildPhase;
			buildActionMask = 2147483647;
			files = (
			);
			runOnlyForDeploymentPostprocessing = 0;
		};
/* End PBXFrameworksBuildPhase section */

/* Begin PBXGroup section */
		1EE020F61F37F5CC0086BA22 = {
			isa = PBXGroup;
			children = (
				1EE021011F37F5CC0086BA22 /* CalendarDemo */,
				1EE021001F37F5CC0086BA22 /* Products */,
			);
			sourceTree = "<group>";
		};
		1EE021001F37F5CC0086BA22 /* Products */ = {
			isa = PBXGroup;
			children = (
				1EE020FF1F37F5CC0086BA22 /* CalendarDemo.app */,
			);
			name = Products;
			sourceTree = "<group>";
		};
		1EE021011F37F5CC0086BA22 /* CalendarDemo */ = {
			isa = PBXGroup;
			children = (
				1EE021051F37F5CC0086BA22 /* AppDelegate.h */,
				1EE021061F37F5CC0086BA22 /* AppDelegate.m */,
				1E6C50241F4583B2002AEF67 /* CalendarViewController.h */,
				1E6C50251F4583B2002AEF67 /* CalendarViewController.m */,
				1E6C50261F4583B2002AEF67 /* CalendarView.h */,
				1E6C50271F4583B2002AEF67 /* CalendarView.m */,
				1EDA63891F38089700905C89 /* NSDate+HODateFormatter.h */,
				1EDA638A1F38089700905C89 /* NSDate+HODateFormatter.m */,
				1EE0210B1F37F5CC0086BA22 /* Main.storyboard */,
				1EE0210E1F37F5CD0086BA22 /* Assets.xcassets */,
				1EE021101F37F5CD0086BA22 /* LaunchScreen.storyboard */,
				1EE021131F37F5CD0086BA22 /* Info.plist */,
				1EE021021F37F5CC0086BA22 /* Supporting Files */,
			);
			path = CalendarDemo;
			sourceTree = "<group>";
		};
		1EE021021F37F5CC0086BA22 /* Supporting Files */ = {
			isa = PBXGroup;
			children = (
				1EE021031F37F5CC0086BA22 /* main.m */,
			);
			name = "Supporting Files";
			sourceTree = "<group>";
		};
/* End PBXGroup section */

/* Begin PBXNativeTarget section */
		1EE020FE1F37F5CC0086BA22 /* CalendarDemo */ = {
			isa = PBXNativeTarget;
			buildConfigurationList = 1EE021161F37F5CD0086BA22 /* Build configuration list for PBXNativeTarget "CalendarDemo" */;
			buildPhases = (
				1EE020FB1F37F5CC0086BA22 /* Sources */,
				1EE020FC1F37F5CC0086BA22 /* Frameworks */,
				1EE020FD1F37F5CC0086BA22 /* Resources */,
			);
			buildRules = (
			);
			dependencies = (
			);
			name = CalendarDemo;
			productName = CalendarDemo;
			productReference = 1EE020FF1F37F5CC0086BA22 /* CalendarDemo.app */;
			productType = "com.apple.product-type.application";
		};
/* End PBXNativeTarget section */

/* Begin PBXProject section */
		1EE020F71F37F5CC0086BA22 /* Project object */ = {
			isa = PBXProject;
			attributes = {
				LastUpgradeCheck = 0830;
				ORGANIZATIONNAME = zhumengjiao;
				TargetAttributes = {
					1EE020FE1F37F5CC0086BA22 = {
						CreatedOnToolsVersion = 8.3.2;
						DevelopmentTeam = F8DD88GNB8;
						ProvisioningStyle = Automatic;
					};
				};
			};
			buildConfigurationList = 1EE020FA1F37F5CC0086BA22 /* Build configuration list for PBXProject "CalendarDemo" */;
			compatibilityVersion = "Xcode 3.2";
			developmentRegion = English;
			hasScannedForEncodings = 0;
			knownRegions = (
				en,
				Base,
			);
			mainGroup = 1EE020F61F37F5CC0086BA22;
			productRefGroup = 1EE021001F37F5CC0086BA22 /* Products */;
			projectDirPath = "";
			projectRoot = "";
			targets = (
				1EE020FE1F37F5CC0086BA22 /* CalendarDemo */,
			);
		};
/* End PBXProject section */

/* Begin PBXResourcesBuildPhase section */
		1EE020FD1F37F5CC0086BA22 /* Resources */ = {
			isa = PBXResourcesBuildPhase;
			buildActionMask = 2147483647;
			files = (
				1EE021121F37F5CD0086BA22 /* LaunchScreen.storyboard in Resources */,
				1EE0210F1F37F5CD0086BA22 /* Assets.xcassets in Resources */,
				1EE0210D1F37F5CC0086BA22 /* Main.storyboard in Resources */,
			);
			runOnlyForDeploymentPostprocessing = 0;
		};
/* End PBXResourcesBuildPhase section */

/* Begin PBXSourcesBuildPhase section */
		1EE020FB1F37F5CC0086BA22 /* Sources */ = {
			isa = PBXSourcesBuildPhase;
			buildActionMask = 2147483647;
			files = (
				1E6C50281F4583B2002AEF67 /* CalendarViewController.m in Sources */,
				1E6C50291F4583B2002AEF67 /* CalendarView.m in Sources */,
				1EE021071F37F5CC0086BA22 /* AppDelegate.m in Sources */,
				1EE021041F37F5CC0086BA22 /* main.m in Sources */,
				1EDA638B1F38089700905C89 /* NSDate+HODateFormatter.m in Sources */,
			);
			runOnlyForDeploymentPostprocessing = 0;
		};
/* End PBXSourcesBuildPhase section */

/* Begin PBXVariantGroup section */
		1EE0210B1F37F5CC0086BA22 /* Main.storyboard */ = {
			isa = PBXVariantGroup;
			children = (
				1EE0210C1F37F5CC0086BA22 /* Base */,
			);
			name = Main.storyboard;
			sourceTree = "<group>";
		};
		1EE021101F37F5CD0086BA22 /* LaunchScreen.storyboard */ = {
			isa = PBXVariantGroup;
			children = (
				1EE021111F37F5CD0086BA22 /* Base */,
			);
			name = LaunchScreen.storyboard;
			sourceTree = "<group>";
		};
/* End PBXVariantGroup section */

/* Begin XCBuildConfiguration section */
		1EE021141F37F5CD0086BA22 /* Debug */ = {
			isa = XCBuildConfiguration;
			buildSettings = {
				ALWAYS_SEARCH_USER_PATHS = NO;
				CLANG_ANALYZER_NONNULL = YES;
				CLANG_ANALYZER_NUMBER_OBJECT_CONVERSION = YES_AGGRESSIVE;
				CLANG_CXX_LANGUAGE_STANDARD = "gnu++0x";
				CLANG_CXX_LIBRARY = "libc++";
				CLANG_ENABLE_MODULES = YES;
				CLANG_ENABLE_OBJC_ARC = YES;
				CLANG_WARN_BOOL_CONVERSION = YES;
				CLANG_WARN_CONSTANT_CONVERSION = YES;
				CLANG_WARN_DIRECT_OBJC_ISA_USAGE = YES_ERROR;
				CLANG_WARN_DOCUMENTATION_COMMENTS = YES;
				CLANG_WARN_EMPTY_BODY = YES;
				CLANG_WARN_ENUM_CONVERSION = YES;
				CLANG_WARN_INFINITE_RECURSION = YES;
				CLANG_WARN_INT_CONVERSION = YES;
				CLANG_WARN_OBJC_ROOT_CLASS = YES_ERROR;
				CLANG_WARN_SUSPICIOUS_MOVE = YES;
				CLANG_WARN_UNREACHABLE_CODE = YES;
				CLANG_WARN__DUPLICATE_METHOD_MATCH = YES;
				"CODE_SIGN_IDENTITY[sdk=iphoneos*]" = "iPhone Developer";
				COPY_PHASE_STRIP = NO;
				DEBUG_INFORMATION_FORMAT = dwarf;
				ENABLE_STRICT_OBJC_MSGSEND = YES;
				ENABLE_TESTABILITY = YES;
				GCC_C_LANGUAGE_STANDARD = gnu99;
				GCC_DYNAMIC_NO_PIC = NO;
				GCC_NO_COMMON_BLOCKS = YES;
				GCC_OPTIMIZATION_LEVEL = 0;
				GCC_PREPROCESSOR_DEFINITIONS = (
					"DEBUG=1",
					"$(inherited)",
				);
				GCC_WARN_64_TO_32_BIT_CONVERSION = YES;
				GCC_WARN_ABOUT_RETURN_TYPE = YES_ERROR;
				GCC_WARN_UNDECLARED_SELECTOR = YES;
				GCC_WARN_UNINITIALIZED_AUTOS = YES_AGGRESSIVE;
				GCC_WARN_UNUSED_FUNCTION = YES;
				GCC_WARN_UNUSED_VARIABLE = YES;
				IPHONEOS_DEPLOYMENT_TARGET = 10.3;
				MTL_ENABLE_DEBUG_INFO = YES;
				ONLY_ACTIVE_ARCH = YES;
				SDKROOT = iphoneos;
			};
			name = Debug;
		};
		1EE021151F37F5CD0086BA22 /* Release */ = {
			isa = XCBuildConfiguration;
			buildSettings = {
				ALWAYS_SEARCH_USER_PATHS = NO;
				CLANG_ANALYZER_NONNULL = YES;
				CLANG_ANALYZER_NUMBER_OBJECT_CONVERSION = YES_AGGRESSIVE;
				CLANG_CXX_LANGUAGE_STANDARD = "gnu++0x";
				CLANG_CXX_LIBRARY = "libc++";
				CLANG_ENABLE_MODULES = YES;
				CLANG_ENABLE_OBJC_ARC = YES;
				CLANG_WARN_BOOL_CONVERSION = YES;
				CLANG_WARN_CONSTANT_CONVERSION = YES;
				CLANG_WARN_DIRECT_OBJC_ISA_USAGE = YES_ERROR;
				CLANG_WARN_DOCUMENTATION_COMMENTS = YES;
				CLANG_WARN_EMPTY_BODY = YES;
				CLANG_WARN_ENUM_CONVERSION = YES;
				CLANG_WARN_INFINITE_RECURSION = YES;
				CLANG_WARN_INT_CONVERSION = YES;
				CLANG_WARN_OBJC_ROOT_CLASS = YES_ERROR;
				CLANG_WARN_SUSPICIOUS_MOVE = YES;
				CLANG_WARN_UNREACHABLE_CODE = YES;
				CLANG_WARN__DUPLICATE_METHOD_MATCH = YES;
				"CODE_SIGN_IDENTITY[sdk=iphoneos*]" = "iPhone Developer";
				COPY_PHASE_STRIP = NO;
				DEBUG_INFORMATION_FORMAT = "dwarf-with-dsym";
				ENABLE_NS_ASSERTIONS = NO;
				ENABLE_STRICT_OBJC_MSGSEND = YES;
				GCC_C_LANGUAGE_STANDARD = gnu99;
				GCC_NO_COMMON_BLOCKS = YES;
				GCC_WARN_64_TO_32_BIT_CONVERSION = YES;
				GCC_WARN_ABOUT_RETURN_TYPE = YES_ERROR;
				GCC_WARN_UNDECLARED_SELECTOR = YES;
				GCC_WARN_UNINITIALIZED_AUTOS = YES_AGGRESSIVE;
				GCC_WARN_UNUSED_FUNCTION = YES;
				GCC_WARN_UNUSED_VARIABLE = YES;
				IPHONEOS_DEPLOYMENT_TARGET = 10.3;
				MTL_ENABLE_DEBUG_INFO = NO;
				SDKROOT = iphoneos;
				VALIDATE_PRODUCT = YES;
			};
			name = Release;
		};
		1EE021171F37F5CD0086BA22 /* Debug */ = {
			isa = XCBuildConfiguration;
			buildSettings = {
				ASSETCATALOG_COMPILER_APPICON_NAME = AppIcon;
				DEVELOPMENT_TEAM = F8DD88GNB8;
				INFOPLIST_FILE = CalendarDemo/Info.plist;
				IPHONEOS_DEPLOYMENT_TARGET = 10.0;
				LD_RUNPATH_SEARCH_PATHS = "$(inherited) @executable_path/Frameworks";
				PRODUCT_BUNDLE_IDENTIFIER = com.launch.zhu;
				PRODUCT_NAME = "$(TARGET_NAME)";
			};
			name = Debug;
		};
		1EE021181F37F5CD0086BA22 /* Release */ = {
			isa = XCBuildConfiguration;
			buildSettings = {
				ASSETCATALOG_COMPILER_APPICON_NAME = AppIcon;
				DEVELOPMENT_TEAM = F8DD88GNB8;
				INFOPLIST_FILE = CalendarDemo/Info.plist;
				IPHONEOS_DEPLOYMENT_TARGET = 10.0;
				LD_RUNPATH_SEARCH_PATHS = "$(inherited) @executable_path/Frameworks";
				PRODUCT_BUNDLE_IDENTIFIER = com.launch.zhu;
				PRODUCT_NAME = "$(TARGET_NAME)";
			};
			name = Release;
		};
/* End XCBuildConfiguration section */

/* Begin XCConfigurationList section */
		1EE020FA1F37F5CC0086BA22 /* Build configuration list for PBXProject "CalendarDemo" */ = {
			isa = XCConfigurationList;
			buildConfigurations = (
				1EE021141F37F5CD0086BA22 /* Debug */,
				1EE021151F37F5CD0086BA22 /* Release */,
			);
			defaultConfigurationIsVisible = 0;
			defaultConfigurationName = Release;
		};
		1EE021161F37F5CD0086BA22 /* Build configuration list for PBXNativeTarget "CalendarDemo" */ = {
			isa = XCConfigurationList;
			buildConfigurations = (
				1EE021171F37F5CD0086BA22 /* Debug */,
				1EE021181F37F5CD0086BA22 /* Release */,
			);
			defaultConfigurationIsVisible = 0;
			defaultConfigurationName = Release;
		};
/* End XCConfigurationList section */
	};
	rootObject = 1EE020F71F37F5CC0086BA22 /* Project object */;
}
